
Microsoft Visual Studio Solution File, Format Version 12.00
# Visual Studio Version 17
VisualStudioVersion = 17.0.32126.317
MinimumVisualStudioVersion = 10.0.40219.1
Project("{8BC9CEB8-8B4A-11D0-8D11-00A0C91BC942}") = "ROA12", "ROA12\ROA12.vcxproj", "{37E5AFF5-8033-4A29-B03C-2DB63429A197}"
EndProject
Global
	GlobalSection(SolutionConfigurationPlatforms) = preSolution
		Debug|x64 = Debug|x64
		Debug|x86 = Debug|x86
		Release|x64 = Release|x64
		Release|x86 = Release|x86
	EndGlobalSection
	GlobalSection(ProjectConfigurationPlatforms) = postSolution
		{37E5AFF5-8033-4A29-B03C-2DB63429A197}.Debug|x64.ActiveCfg = Debug|x64
		{37E5AFF5-8033-4A29-B03C-2DB63429A197}.Debug|x64.Build.0 = Debug|x64
		{37E5AFF5-8033-4A29-B03C-2DB63429A197}.Debug|x86.ActiveCfg = Debug|Win32
		{37E5AFF5-8033-4A29-B03C-2DB63429A197}.Debug|x86.Build.0 = Debug|Win32
		{37E5AFF5-8033-4A29-B03C-2DB63429A197}.Release|x64.ActiveCfg = Release|x64
		{37E5AFF5-8033-4A29-B03C-2DB63429A197}.Release|x64.Build.0 = Release|x64
		{37E5AFF5-8033-4A29-B03C-2DB63429A197}.Release|x86.ActiveCfg = Release|Win32
		{37E5AFF5-8033-4A29-B03C-2DB63429A197}.Release|x86.Build.0 = Release|Win32
	EndGlobalSection
	GlobalSection(SolutionProperties) = preSolution
		HideSolutionNode = FALSE
	EndGlobalSection
	GlobalSection(ExtensibilityGlobals) = postSolution
		SolutionGuid = {9D80F8F2-0866-4480-8FDB-6EE6464DFC6E}
	EndGlobalSection
EndGlobal
